
Microsoft Visual Studio Solution File, Format Version 12.00
# Visual Studio Version 16
VisualStudioVersion = 25.0.1704.0
MinimumVisualStudioVersion = 10.0.40219.1
Project("{FAE04EC0-301F-11D3-BF4B-00C04F79EFBC}") = "WeConnect-CSharp", "WeConnect-CSharp\WeConnect-CSharp.csproj", "{44C4DC01-68E3-48CC-B621-6269A7605549}"
EndProject
Project("{FAE04EC0-301F-11D3-BF4B-00C04F79EFBC}") = "WeConnect-CSharp.Auth", "WeConnect-CSharp.Auth\WeConnect-CSharp.Auth.csproj", "{D78AE694-92AF-477F-BF7B-ABA9AA657DB3}"
EndProject
Global
	GlobalSection(SolutionConfigurationPlatforms) = preSolution
		Debug|Any CPU = Debug|Any CPU
		Release|Any CPU = Release|Any CPU
	EndGlobalSection
	GlobalSection(ProjectConfigurationPlatforms) = postSolution
		{44C4DC01-68E3-48CC-B621-6269A7605549}.Debug|Any CPU.ActiveCfg = Debug|Any CPU
		{44C4DC01-68E3-48CC-B621-6269A7605549}.Debug|Any CPU.Build.0 = Debug|Any CPU
		{44C4DC01-68E3-48CC-B621-6269A7605549}.Release|Any CPU.ActiveCfg = Release|Any CPU
		{44C4DC01-68E3-48CC-B621-6269A7605549}.Release|Any CPU.Build.0 = Release|Any CPU
		{D78AE694-92AF-477F-BF7B-ABA9AA657DB3}.Debug|Any CPU.ActiveCfg = Debug|Any CPU
		{D78AE694-92AF-477F-BF7B-ABA9AA657DB3}.Debug|Any CPU.Build.0 = Debug|Any CPU
		{D78AE694-92AF-477F-BF7B-ABA9AA657DB3}.Release|Any CPU.ActiveCfg = Release|Any CPU
		{D78AE694-92AF-477F-BF7B-ABA9AA657DB3}.Release|Any CPU.Build.0 = Release|Any CPU
	EndGlobalSection
	GlobalSection(SolutionProperties) = preSolution
		HideSolutionNode = FALSE
	EndGlobalSection
	GlobalSection(ExtensibilityGlobals) = postSolution
		SolutionGuid = {759CC4CC-2A90-4B8C-8671-9FCA1606F963}
	EndGlobalSection
EndGlobal
